
Microsoft Visual Studio Solution File, Format Version 12.00
# Visual Studio Version 16
VisualStudioVersion = 16.0.31019.35
MinimumVisualStudioVersion = 10.0.40219.1
Project("{9A19103F-16F7-4668-BE54-9A1E7A4F7556}") = "Zokma.Libs", "Zokma.Libs\Zokma.Libs.csproj", "{DC8C46E6-5725-41F5-A6CE-48D321E6455A}"
EndProject
Project("{9A19103F-16F7-4668-BE54-9A1E7A4F7556}") = "Zokma.Libs.Tests", "Zokma.Libs.Tests\Zokma.Libs.Tests.csproj", "{C62E7F0E-CCD7-4028-94D3-F02900B51C15}"
EndProject
Project("{9A19103F-16F7-4668-BE54-9A1E7A4F7556}") = "TestAudioPlayer", "TestAudioPlayer\TestAudioPlayer.csproj", "{1C03CDF7-B6A2-4D7C-8317-5E92DC7E75CB}"
EndProject
Global
	GlobalSection(SolutionConfigurationPlatforms) = preSolution
		Debug|Any CPU = Debug|Any CPU
		Release|Any CPU = Release|Any CPU
	EndGlobalSection
	GlobalSection(ProjectConfigurationPlatforms) = postSolution
		{DC8C46E6-5725-41F5-A6CE-48D321E6455A}.Debug|Any CPU.ActiveCfg = Debug|Any CPU
		{DC8C46E6-5725-41F5-A6CE-48D321E6455A}.Debug|Any CPU.Build.0 = Debug|Any CPU
		{DC8C46E6-5725-41F5-A6CE-48D321E6455A}.Release|Any CPU.ActiveCfg = Release|Any CPU
		{DC8C46E6-5725-41F5-A6CE-48D321E6455A}.Release|Any CPU.Build.0 = Release|Any CPU
		{C62E7F0E-CCD7-4028-94D3-F02900B51C15}.Debug|Any CPU.ActiveCfg = Debug|Any CPU
		{C62E7F0E-CCD7-4028-94D3-F02900B51C15}.Debug|Any CPU.Build.0 = Debug|Any CPU
		{C62E7F0E-CCD7-4028-94D3-F02900B51C15}.Release|Any CPU.ActiveCfg = Release|Any CPU
		{C62E7F0E-CCD7-4028-94D3-F02900B51C15}.Release|Any CPU.Build.0 = Release|Any CPU
		{1C03CDF7-B6A2-4D7C-8317-5E92DC7E75CB}.Debug|Any CPU.ActiveCfg = Debug|Any CPU
		{1C03CDF7-B6A2-4D7C-8317-5E92DC7E75CB}.Debug|Any CPU.Build.0 = Debug|Any CPU
		{1C03CDF7-B6A2-4D7C-8317-5E92DC7E75CB}.Release|Any CPU.ActiveCfg = Release|Any CPU
		{1C03CDF7-B6A2-4D7C-8317-5E92DC7E75CB}.Release|Any CPU.Build.0 = Release|Any CPU
	EndGlobalSection
	GlobalSection(SolutionProperties) = preSolution
		HideSolutionNode = FALSE
	EndGlobalSection
	GlobalSection(ExtensibilityGlobals) = postSolution
		SolutionGuid = {D918711E-0099-4E65-B68D-AAA2D99DC205}
	EndGlobalSection
EndGlobal
